
Microsoft Visual Studio Solution File, Format Version 12.00
# Visual Studio Version 17
VisualStudioVersion = 17.3.32929.385
MinimumVisualStudioVersion = 10.0.40219.1
Project("{FAE04EC0-301F-11D3-BF4B-00C04F79EFBC}") = "ConsoleApp1", "ConsoleApp1\ConsoleApp1.csproj", "{7CA6D626-C701-485E-8C9B-B37F64429B06}"
EndProject
Project("{FAE04EC0-301F-11D3-BF4B-00C04F79EFBC}") = "UIWinFormsApp", "UIWinFormsApp\UIWinFormsApp.csproj", "{772A49D3-33B4-4A8B-9B3D-553EA64DA6F5}"
EndProject
Global
	GlobalSection(SolutionConfigurationPlatforms) = preSolution
		Debug|Any CPU = Debug|Any CPU
		Release|Any CPU = Release|Any CPU
	EndGlobalSection
	GlobalSection(ProjectConfigurationPlatforms) = postSolution
		{7CA6D626-C701-485E-8C9B-B37F64429B06}.Debug|Any CPU.ActiveCfg = Debug|Any CPU
		{7CA6D626-C701-485E-8C9B-B37F64429B06}.Debug|Any CPU.Build.0 = Debug|Any CPU
		{7CA6D626-C701-485E-8C9B-B37F64429B06}.Release|Any CPU.ActiveCfg = Release|Any CPU
		{7CA6D626-C701-485E-8C9B-B37F64429B06}.Release|Any CPU.Build.0 = Release|Any CPU
		{772A49D3-33B4-4A8B-9B3D-553EA64DA6F5}.Debug|Any CPU.ActiveCfg = Debug|Any CPU
		{772A49D3-33B4-4A8B-9B3D-553EA64DA6F5}.Debug|Any CPU.Build.0 = Debug|Any CPU
		{772A49D3-33B4-4A8B-9B3D-553EA64DA6F5}.Release|Any CPU.ActiveCfg = Release|Any CPU
		{772A49D3-33B4-4A8B-9B3D-553EA64DA6F5}.Release|Any CPU.Build.0 = Release|Any CPU
	EndGlobalSection
	GlobalSection(SolutionProperties) = preSolution
		HideSolutionNode = FALSE
	EndGlobalSection
	GlobalSection(ExtensibilityGlobals) = postSolution
		SolutionGuid = {726273D9-CD0C-4F75-AE52-000CA9E0EDC7}
	EndGlobalSection
EndGlobal
